
Microsoft Visual Studio Solution File, Format Version 12.00
# Visual Studio Version 16
VisualStudioVersion = 16.0.29926.136
MinimumVisualStudioVersion = 10.0.40219.1
Project("{FAE04EC0-301F-11D3-BF4B-00C04F79EFBC}") = "ConvertLSO", "ConvertLSO\ConvertLSO.csproj", "{C75C415F-F34B-48AD-A817-ECC5E5F78FFA}"
EndProject
Project("{FAE04EC0-301F-11D3-BF4B-00C04F79EFBC}") = "Music", "Music\Music.csproj", "{45669704-2C03-4A56-B2F5-FA86DBB49426}"
EndProject
Project("{FAE04EC0-301F-11D3-BF4B-00C04F79EFBC}") = "MIDIParser", "MIDIParser\MIDIParser.csproj", "{AF8D15D8-F16F-4483-9BCC-A829475CE3CE}"
EndProject
Global
	GlobalSection(SolutionConfigurationPlatforms) = preSolution
		Debug|Any CPU = Debug|Any CPU
		Release|Any CPU = Release|Any CPU
	EndGlobalSection
	GlobalSection(ProjectConfigurationPlatforms) = postSolution
		{C75C415F-F34B-48AD-A817-ECC5E5F78FFA}.Debug|Any CPU.ActiveCfg = Debug|Any CPU
		{C75C415F-F34B-48AD-A817-ECC5E5F78FFA}.Debug|Any CPU.Build.0 = Debug|Any CPU
		{C75C415F-F34B-48AD-A817-ECC5E5F78FFA}.Release|Any CPU.ActiveCfg = Release|Any CPU
		{C75C415F-F34B-48AD-A817-ECC5E5F78FFA}.Release|Any CPU.Build.0 = Release|Any CPU
		{45669704-2C03-4A56-B2F5-FA86DBB49426}.Debug|Any CPU.ActiveCfg = Debug|Any CPU
		{45669704-2C03-4A56-B2F5-FA86DBB49426}.Debug|Any CPU.Build.0 = Debug|Any CPU
		{45669704-2C03-4A56-B2F5-FA86DBB49426}.Release|Any CPU.ActiveCfg = Release|Any CPU
		{45669704-2C03-4A56-B2F5-FA86DBB49426}.Release|Any CPU.Build.0 = Release|Any CPU
		{AF8D15D8-F16F-4483-9BCC-A829475CE3CE}.Debug|Any CPU.ActiveCfg = Debug|Any CPU
		{AF8D15D8-F16F-4483-9BCC-A829475CE3CE}.Debug|Any CPU.Build.0 = Debug|Any CPU
		{AF8D15D8-F16F-4483-9BCC-A829475CE3CE}.Release|Any CPU.ActiveCfg = Release|Any CPU
		{AF8D15D8-F16F-4483-9BCC-A829475CE3CE}.Release|Any CPU.Build.0 = Release|Any CPU
	EndGlobalSection
	GlobalSection(SolutionProperties) = preSolution
		HideSolutionNode = FALSE
	EndGlobalSection
	GlobalSection(ExtensibilityGlobals) = postSolution
		SolutionGuid = {B653A640-93C5-4B8D-9E84-C0912EE0F7B0}
	EndGlobalSection
EndGlobal
